
Microsoft Visual Studio Solution File, Format Version 12.00
# Visual Studio Version 16
VisualStudioVersion = 16.0.29728.190
MinimumVisualStudioVersion = 10.0.40219.1
Project("{FAE04EC0-301F-11D3-BF4B-00C04F79EFBC}") = "os", "os\os.csproj", "{184BC718-BCAA-4D16-8F5C-781B3E382A82}"
EndProject
Global
	GlobalSection(SolutionConfigurationPlatforms) = preSolution
		Debug|Any CPU = Debug|Any CPU
		Release|Any CPU = Release|Any CPU
	EndGlobalSection
	GlobalSection(ProjectConfigurationPlatforms) = postSolution
		{184BC718-BCAA-4D16-8F5C-781B3E382A82}.Debug|Any CPU.ActiveCfg = Debug|Any CPU
		{184BC718-BCAA-4D16-8F5C-781B3E382A82}.Debug|Any CPU.Build.0 = Debug|Any CPU
		{184BC718-BCAA-4D16-8F5C-781B3E382A82}.Release|Any CPU.ActiveCfg = Release|Any CPU
		{184BC718-BCAA-4D16-8F5C-781B3E382A82}.Release|Any CPU.Build.0 = Release|Any CPU
	EndGlobalSection
	GlobalSection(SolutionProperties) = preSolution
		HideSolutionNode = FALSE
	EndGlobalSection
	GlobalSection(ExtensibilityGlobals) = postSolution
		SolutionGuid = {32EBD179-A51A-4AAA-AADE-B8B93F6BC3EE}
	EndGlobalSection
EndGlobal
